// !$*UTF8*$!
{
	archiveVersion = 1;
	classes = {
	};
	objectVersion = 50;
	objects = {

/* Begin PBXBuildFile section */
		8B4BE0C7224549170084D1DC /* AppDelegate.swift in Sources */ = {isa = PBXBuildFile; fileRef = 8B4BE0C6224549170084D1DC /* AppDelegate.swift */; };
		8B4BE0C9224549170084D1DC /* ViewController.swift in Sources */ = {isa = PBXBuildFile; fileRef = 8B4BE0C8224549170084D1DC /* ViewController.swift */; };
		8B4BE0CC224549170084D1DC /* Main.storyboard in Resources */ = {isa = PBXBuildFile; fileRef = 8B4BE0CA224549170084D1DC /* Main.storyboard */; };
		8B4BE0CE224549190084D1DC /* Assets.xcassets in Resources */ = {isa = PBXBuildFile; fileRef = 8B4BE0CD224549190084D1DC /* Assets.xcassets */; };
		8B4BE0D1224549190084D1DC /* LaunchScreen.storyboard in Resources */ = {isa = PBXBuildFile; fileRef = 8B4BE0CF224549190084D1DC /* LaunchScreen.storyboard */; };
		8B4BE0DC224549190084D1DC /* demoTests.swift in Sources */ = {isa = PBXBuildFile; fileRef = 8B4BE0DB224549190084D1DC /* demoTests.swift */; };
		8B4BE0E7224549190084D1DC /* demoUITests.swift in Sources */ = {isa = PBXBuildFile; fileRef = 8B4BE0E6224549190084D1DC /* demoUITests.swift */; };
		8BC7DA1F224639D80081DE09 /* File.swift in Sources */ = {isa = PBXBuildFile; fileRef = 8BC7DA1E224639D80081DE09 /* File.swift */; };
/* End PBXBuildFile section */

/* Begin PBXContainerItemProxy section */
		8B4BE0D8224549190084D1DC /* PBXContainerItemProxy */ = {
			isa = PBXContainerItemProxy;
			containerPortal = 8B4BE0BB224549170084D1DC /* Project object */;
			proxyType = 1;
			remoteGlobalIDString = 8B4BE0C2224549170084D1DC;
			remoteInfo = demo;
		};
		8B4BE0E3224549190084D1DC /* PBXContainerItemProxy */ = {
			isa = PBXContainerItemProxy;
			containerPortal = 8B4BE0BB224549170084D1DC /* Project object */;
			proxyType = 1;
			remoteGlobalIDString = 8B4BE0C2224549170084D1DC;
			remoteInfo = demo;
		};
/* End PBXContainerItemProxy section */

/* Begin PBXFileReference section */
		8B4BE0C3224549170084D1DC /* demo.app */ = {isa = PBXFileReference; explicitFileType = wrapper.application; includeInIndex = 0; path = demo.app; sourceTree = BUILT_PRODUCTS_DIR; };
		8B4BE0C6224549170084D1DC /* AppDelegate.swift */ = {isa = PBXFileReference; lastKnownFileType = sourcecode.swift; path = AppDelegate.swift; sourceTree = "<group>"; };
		8B4BE0C8224549170084D1DC /* ViewController.swift */ = {isa = PBXFileReference; lastKnownFileType = sourcecode.swift; path = ViewController.swift; sourceTree = "<group>"; };
		8B4BE0CB224549170084D1DC /* Base */ = {isa = PBXFileReference; lastKnownFileType = file.storyboard; name = Base; path = Base.lproj/Main.storyboard; sourceTree = "<group>"; };
		8B4BE0CD224549190084D1DC /* Assets.xcassets */ = {isa = PBXFileReference; lastKnownFileType = folder.assetcatalog; path = Assets.xcassets; sourceTree = "<group>"; };
		8B4BE0D0224549190084D1DC /* Base */ = {isa = PBXFileReference; lastKnownFileType = file.storyboard; name = Base; path = Base.lproj/LaunchScreen.storyboard; sourceTree = "<group>"; };
		8B4BE0D2224549190084D1DC /* Info.plist */ = {isa = PBXFileReference; lastKnownFileType = text.plist.xml; path = Info.plist; sourceTree = "<group>"; };
		8B4BE0D7224549190084D1DC /* demoTests.xctest */ = {isa = PBXFileReference; explicitFileType = wrapper.cfbundle; includeInIndex = 0; path = demoTests.xctest; sourceTree = BUILT_PRODUCTS_DIR; };
		8B4BE0DB224549190084D1DC /* demoTests.swift */ = {isa = PBXFileReference; lastKnownFileType = sourcecode.swift; path = demoTests.swift; sourceTree = "<group>"; };
		8B4BE0DD224549190084D1DC /* Info.plist */ = {isa = PBXFileReference; lastKnownFileType = text.plist.xml; path = Info.plist; sourceTree = "<group>"; };
		8B4BE0E2224549190084D1DC /* demoUITests.xctest */ = {isa = PBXFileReference; explicitFileType = wrapper.cfbundle; includeInIndex = 0; path = demoUITests.xctest; sourceTree = BUILT_PRODUCTS_DIR; };
		8B4BE0E6224549190084D1DC /* demoUITests.swift */ = {isa = PBXFileReference; lastKnownFileType = sourcecode.swift; path = demoUITests.swift; sourceTree = "<group>"; };
		8B4BE0E8224549190084D1DC /* Info.plist */ = {isa = PBXFileReference; lastKnownFileType = text.plist.xml; path = Info.plist; sourceTree = "<group>"; };
		8BC7DA1E224639D80081DE09 /* File.swift */ = {isa = PBXFileReference; lastKnownFileType = sourcecode.swift; path = File.swift; sourceTree = "<group>"; };
/* End PBXFileReference section */

/* Begin PBXFrameworksBuildPhase section */
		8B4BE0C0224549170084D1DC /* Frameworks */ = {
			isa = PBXFrameworksBuildPhase;
			buildActionMask = 2147483647;
			files = (
			);
			runOnlyForDeploymentPostprocessing = 0;
		};
		8B4BE0D4224549190084D1DC /* Frameworks */ = {
			isa = PBXFrameworksBuildPhase;
			buildActionMask = 2147483647;
			files = (
			);
			runOnlyForDeploymentPostprocessing = 0;
		};
		8B4BE0DF224549190084D1DC /* Frameworks */ = {
			isa = PBXFrameworksBuildPhase;
			buildActionMask = 2147483647;
			files = (
			);
			runOnlyForDeploymentPostprocessing = 0;
		};
/* End PBXFrameworksBuildPhase section */

/* Begin PBXGroup section */
		8B4BE0BA224549170084D1DC = {
			isa = PBXGroup;
			children = (
				8B4BE0C5224549170084D1DC /* demo */,
				8B4BE0DA224549190084D1DC /* demoTests */,
				8B4BE0E5224549190084D1DC /* demoUITests */,
				8B4BE0C4224549170084D1DC /* Products */,
			);
			sourceTree = "<group>";
		};
		8B4BE0C4224549170084D1DC /* Products */ = {
			isa = PBXGroup;
			children = (
				8B4BE0C3224549170084D1DC /* demo.app */,
				8B4BE0D7224549190084D1DC /* demoTests.xctest */,
				8B4BE0E2224549190084D1DC /* demoUITests.xctest */,
			);
			name = Products;
			sourceTree = "<group>";
		};
		8B4BE0C5224549170084D1DC /* demo */ = {
			isa = PBXGroup;
			children = (
				8B4BE0C6224549170084D1DC /* AppDelegate.swift */,
				8B4BE0C8224549170084D1DC /* ViewController.swift */,
				8B4BE0CA224549170084D1DC /* Main.storyboard */,
				8B4BE0CD224549190084D1DC /* Assets.xcassets */,
				8B4BE0CF224549190084D1DC /* LaunchScreen.storyboard */,
				8B4BE0D2224549190084D1DC /* Info.plist */,
				8BC7DA1E224639D80081DE09 /* File.swift */,
			);
			path = demo;
			sourceTree = "<group>";
		};
		8B4BE0DA224549190084D1DC /* demoTests */ = {
			isa = PBXGroup;
			children = (
				8B4BE0DB224549190084D1DC /* demoTests.swift */,
				8B4BE0DD224549190084D1DC /* Info.plist */,
			);
			path = demoTests;
			sourceTree = "<group>";
		};
		8B4BE0E5224549190084D1DC /* demoUITests */ = {
			isa = PBXGroup;
			children = (
				8B4BE0E6224549190084D1DC /* demoUITests.swift */,
				8B4BE0E8224549190084D1DC /* Info.plist */,
			);
			path = demoUITests;
			sourceTree = "<group>";
		};
/* End PBXGroup section */

/* Begin PBXNativeTarget section */
		8B4BE0C2224549170084D1DC /* demo */ = {
			isa = PBXNativeTarget;
			buildConfigurationList = 8B4BE0EB224549190084D1DC /* Build configuration list for PBXNativeTarget "demo" */;
			buildPhases = (
				8B4BE0BF224549170084D1DC /* Sources */,
				8B4BE0C0224549170084D1DC /* Frameworks */,
				8B4BE0C1224549170084D1DC /* Resources */,
			);
			buildRules = (
			);
			dependencies = (
			);
			name = demo;
			productName = demo;
			productReference = 8B4BE0C3224549170084D1DC /* demo.app */;
			productType = "com.apple.product-type.application";
		};
		8B4BE0D6224549190084D1DC /* demoTests */ = {
			isa = PBXNativeTarget;
			buildConfigurationList = 8B4BE0EE224549190084D1DC /* Build configuration list for PBXNativeTarget "demoTests" */;
			buildPhases = (
				8B4BE0D3224549190084D1DC /* Sources */,
				8B4BE0D4224549190084D1DC /* Frameworks */,
				8B4BE0D5224549190084D1DC /* Resources */,
			);
			buildRules = (
			);
			dependencies = (
				8B4BE0D9224549190084D1DC /* PBXTargetDependency */,
			);
			name = demoTests;
			productName = demoTests;
			productReference = 8B4BE0D7224549190084D1DC /* demoTests.xctest */;
			productType = "com.apple.product-type.bundle.unit-test";
		};
		8B4BE0E1224549190084D1DC /* demoUITests */ = {
			isa = PBXNativeTarget;
			buildConfigurationList = 8B4BE0F1224549190084D1DC /* Build configuration list for PBXNativeTarget "demoUITests" */;
			buildPhases = (
				8B4BE0DE224549190084D1DC /* Sources */,
				8B4BE0DF224549190084D1DC /* Frameworks */,
				8B4BE0E0224549190084D1DC /* Resources */,
			);
			buildRules = (
			);
			dependencies = (
				8B4BE0E4224549190084D1DC /* PBXTargetDependency */,
			);
			name = demoUITests;
			productName = demoUITests;
			productReference = 8B4BE0E2224549190084D1DC /* demoUITests.xctest */;
			productType = "com.apple.product-type.bundle.ui-testing";
		};
/* End PBXNativeTarget section */

/* Begin PBXProject section */
		8B4BE0BB224549170084D1DC /* Project object */ = {
			isa = PBXProject;
			attributes = {
				LastSwiftUpdateCheck = 1010;
				LastUpgradeCheck = 1010;
				ORGANIZATIONNAME = 2ClickSolutions;
				TargetAttributes = {
					8B4BE0C2224549170084D1DC = {
						CreatedOnToolsVersion = 10.1;
					};
					8B4BE0D6224549190084D1DC = {
						CreatedOnToolsVersion = 10.1;
						TestTargetID = 8B4BE0C2224549170084D1DC;
					};
					8B4BE0E1224549190084D1DC = {
						CreatedOnToolsVersion = 10.1;
						TestTargetID = 8B4BE0C2224549170084D1DC;
					};
				};
			};
			buildConfigurationList = 8B4BE0BE224549170084D1DC /* Build configuration list for PBXProject "demo" */;
			compatibilityVersion = "Xcode 9.3";
			developmentRegion = en;
			hasScannedForEncodings = 0;
			knownRegions = (
				en,
				Base,
			);
			mainGroup = 8B4BE0BA224549170084D1DC;
			productRefGroup = 8B4BE0C4224549170084D1DC /* Products */;
			projectDirPath = "";
			projectRoot = "";
			targets = (
				8B4BE0C2224549170084D1DC /* demo */,
				8B4BE0D6224549190084D1DC /* demoTests */,
				8B4BE0E1224549190084D1DC /* demoUITests */,
			);
		};
/* End PBXProject section */

/* Begin PBXResourcesBuildPhase section */
		8B4BE0C1224549170084D1DC /* Resources */ = {
			isa = PBXResourcesBuildPhase;
			buildActionMask = 2147483647;
			files = (
				8B4BE0D1224549190084D1DC /* LaunchScreen.storyboard in Resources */,
				8B4BE0CE224549190084D1DC /* Assets.xcassets in Resources */,
				8B4BE0CC224549170084D1DC /* Main.storyboard in Resources */,
			);
			runOnlyForDeploymentPostprocessing = 0;
		};
		8B4BE0D5224549190084D1DC /* Resources */ = {
			isa = PBXResourcesBuildPhase;
			buildActionMask = 2147483647;
			files = (
			);
			runOnlyForDeploymentPostprocessing = 0;
		};
		8B4BE0E0224549190084D1DC /* Resources */ = {
			isa = PBXResourcesBuildPhase;
			buildActionMask = 2147483647;
			files = (
			);
			runOnlyForDeploymentPostprocessing = 0;
		};
/* End PBXResourcesBuildPhase section */

/* Begin PBXSourcesBuildPhase section */
		8B4BE0BF224549170084D1DC /* Sources */ = {
			isa = PBXSourcesBuildPhase;
			buildActionMask = 2147483647;
			files = (
				8B4BE0C9224549170084D1DC /* ViewController.swift in Sources */,
				8BC7DA1F224639D80081DE09 /* File.swift in Sources */,
				8B4BE0C7224549170084D1DC /* AppDelegate.swift in Sources */,
			);
			runOnlyForDeploymentPostprocessing = 0;
		};
		8B4BE0D3224549190084D1DC /* Sources */ = {
			isa = PBXSourcesBuildPhase;
			buildActionMask = 2147483647;
			files = (
				8B4BE0DC224549190084D1DC /* demoTests.swift in Sources */,
			);
			runOnlyForDeploymentPostprocessing = 0;
		};
		8B4BE0DE224549190084D1DC /* Sources */ = {
			isa = PBXSourcesBuildPhase;
			buildActionMask = 2147483647;
			files = (
				8B4BE0E7224549190084D1DC /* demoUITests.swift in Sources */,
			);
			runOnlyForDeploymentPostprocessing = 0;
		};
/* End PBXSourcesBuildPhase section */

/* Begin PBXTargetDependency section */
		8B4BE0D9224549190084D1DC /* PBXTargetDependency */ = {
			isa = PBXTargetDependency;
			target = 8B4BE0C2224549170084D1DC /* demo */;
			targetProxy = 8B4BE0D8224549190084D1DC /* PBXContainerItemProxy */;
		};
		8B4BE0E4224549190084D1DC /* PBXTargetDependency */ = {
			isa = PBXTargetDependency;
			target = 8B4BE0C2224549170084D1DC /* demo */;
			targetProxy = 8B4BE0E3224549190084D1DC /* PBXContainerItemProxy */;
		};
/* End PBXTargetDependency section */

/* Begin PBXVariantGroup section */
		8B4BE0CA224549170084D1DC /* Main.storyboard */ = {
			isa = PBXVariantGroup;
			children = (
				8B4BE0CB224549170084D1DC /* Base */,
			);
			name = Main.storyboard;
			sourceTree = "<group>";
		};
		8B4BE0CF224549190084D1DC /* LaunchScreen.storyboard */ = {
			isa = PBXVariantGroup;
			children = (
				8B4BE0D0224549190084D1DC /* Base */,
			);
			name = LaunchScreen.storyboard;
			sourceTree = "<group>";
		};
/* End PBXVariantGroup section */

/* Begin XCBuildConfiguration section */
		8B4BE0E9224549190084D1DC /* Debug */ = {
			isa = XCBuildConfiguration;
			buildSettings = {
				ALWAYS_SEARCH_USER_PATHS = NO;
				CLANG_ANALYZER_NONNULL = YES;
				CLANG_ANALYZER_NUMBER_OBJECT_CONVERSION = YES_AGGRESSIVE;
				CLANG_CXX_LANGUAGE_STANDARD = "gnu++14";
				CLANG_CXX_LIBRARY = "libc++";
				CLANG_ENABLE_MODULES = YES;
				CLANG_ENABLE_OBJC_ARC = YES;
				CLANG_ENABLE_OBJC_WEAK = YES;
				CLANG_WARN_BLOCK_CAPTURE_AUTORELEASING = YES;
				CLANG_WARN_BOOL_CONVERSION = YES;
				CLANG_WARN_COMMA = YES;
				CLANG_WARN_CONSTANT_CONVERSION = YES;
				CLANG_WARN_DEPRECATED_OBJC_IMPLEMENTATIONS = YES;
				CLANG_WARN_DIRECT_OBJC_ISA_USAGE = YES_ERROR;
				CLANG_WARN_DOCUMENTATION_COMMENTS = YES;
				CLANG_WARN_EMPTY_BODY = YES;
				CLANG_WARN_ENUM_CONVERSION = YES;
				CLANG_WARN_INFINITE_RECURSION = YES;
				CLANG_WARN_INT_CONVERSION = YES;
				CLANG_WARN_NON_LITERAL_NULL_CONVERSION = YES;
				CLANG_WARN_OBJC_IMPLICIT_RETAIN_SELF = YES;
				CLANG_WARN_OBJC_LITERAL_CONVERSION = YES;
				CLANG_WARN_OBJC_ROOT_CLASS = YES_ERROR;
				CLANG_WARN_RANGE_LOOP_ANALYSIS = YES;
				CLANG_WARN_STRICT_PROTOTYPES = YES;
				CLANG_WARN_SUSPICIOUS_MOVE = YES;
				CLANG_WARN_UNGUARDED_AVAILABILITY = YES_AGGRESSIVE;
				CLANG_WARN_UNREACHABLE_CODE = YES;
				CLANG_WARN__DUPLICATE_METHOD_MATCH = YES;
				CODE_SIGN_IDENTITY = "iPhone Developer";
				COPY_PHASE_STRIP = NO;
				DEBUG_INFORMATION_FORMAT = dwarf;
				ENABLE_STRICT_OBJC_MSGSEND = YES;
				ENABLE_TESTABILITY = YES;
				GCC_C_LANGUAGE_STANDARD = gnu11;
				GCC_DYNAMIC_NO_PIC = NO;
				GCC_NO_COMMON_BLOCKS = YES;
				GCC_OPTIMIZATION_LEVEL = 0;
				GCC_PREPROCESSOR_DEFINITIONS = (
					"DEBUG=1",
					"$(inherited)",
				);
				GCC_WARN_64_TO_32_BIT_CONVERSION = YES;
				GCC_WARN_ABOUT_RETURN_TYPE = YES_ERROR;
				GCC_WARN_UNDECLARED_SELECTOR = YES;
				GCC_WARN_UNINITIALIZED_AUTOS = YES_AGGRESSIVE;
				GCC_WARN_UNUSED_FUNCTION = YES;
				GCC_WARN_UNUSED_VARIABLE = YES;
				IPHONEOS_DEPLOYMENT_TARGET = 12.1;
				MTL_ENABLE_DEBUG_INFO = INCLUDE_SOURCE;
				MTL_FAST_MATH = YES;
				ONLY_ACTIVE_ARCH = YES;
				SDKROOT = iphoneos;
				SWIFT_ACTIVE_COMPILATION_CONDITIONS = DEBUG;
				SWIFT_OPTIMIZATION_LEVEL = "-Onone";
			};
			name = Debug;
		};
		8B4BE0EA224549190084D1DC /* Release */ = {
			isa = XCBuildConfiguration;
			buildSettings = {
				ALWAYS_SEARCH_USER_PATHS = NO;
				CLANG_ANALYZER_NONNULL = YES;
				CLANG_ANALYZER_NUMBER_OBJECT_CONVERSION = YES_AGGRESSIVE;
				CLANG_CXX_LANGUAGE_STANDARD = "gnu++14";
				CLANG_CXX_LIBRARY = "libc++";
				CLANG_ENABLE_MODULES = YES;
				CLANG_ENABLE_OBJC_ARC = YES;
				CLANG_ENABLE_OBJC_WEAK = YES;
				CLANG_WARN_BLOCK_CAPTURE_AUTORELEASING = YES;
				CLANG_WARN_BOOL_CONVERSION = YES;
				CLANG_WARN_COMMA = YES;
				CLANG_WARN_CONSTANT_CONVERSION = YES;
				CLANG_WARN_DEPRECATED_OBJC_IMPLEMENTATIONS = YES;
				CLANG_WARN_DIRECT_OBJC_ISA_USAGE = YES_ERROR;
				CLANG_WARN_DOCUMENTATION_COMMENTS = YES;
				CLANG_WARN_EMPTY_BODY = YES;
				CLANG_WARN_ENUM_CONVERSION = YES;
				CLANG_WARN_INFINITE_RECURSION = YES;
				CLANG_WARN_INT_CONVERSION = YES;
				CLANG_WARN_NON_LITERAL_NULL_CONVERSION = YES;
				CLANG_WARN_OBJC_IMPLICIT_RETAIN_SELF = YES;
				CLANG_WARN_OBJC_LITERAL_CONVERSION = YES;
				CLANG_WARN_OBJC_ROOT_CLASS = YES_ERROR;
				CLANG_WARN_RANGE_LOOP_ANALYSIS = YES;
				CLANG_WARN_STRICT_PROTOTYPES = YES;
				CLANG_WARN_SUSPICIOUS_MOVE = YES;
				CLANG_WARN_UNGUARDED_AVAILABILITY = YES_AGGRESSIVE;
				CLANG_WARN_UNREACHABLE_CODE = YES;
				CLANG_WARN__DUPLICATE_METHOD_MATCH = YES;
				CODE_SIGN_IDENTITY = "iPhone Developer";
				COPY_PHASE_STRIP = NO;
				DEBUG_INFORMATION_FORMAT = "dwarf-with-dsym";
				ENABLE_NS_ASSERTIONS = NO;
				ENABLE_STRICT_OBJC_MSGSEND = YES;
				GCC_C_LANGUAGE_STANDARD = gnu11;
				GCC_NO_COMMON_BLOCKS = YES;
				GCC_WARN_64_TO_32_BIT_CONVERSION = YES;
				GCC_WARN_ABOUT_RETURN_TYPE = YES_ERROR;
				GCC_WARN_UNDECLARED_SELECTOR = YES;
				GCC_WARN_UNINITIALIZED_AUTOS = YES_AGGRESSIVE;
				GCC_WARN_UNUSED_FUNCTION = YES;
				GCC_WARN_UNUSED_VARIABLE = YES;
				IPHONEOS_DEPLOYMENT_TARGET = 12.1;
				MTL_ENABLE_DEBUG_INFO = NO;
				MTL_FAST_MATH = YES;
				SDKROOT = iphoneos;
				SWIFT_COMPILATION_MODE = wholemodule;
				SWIFT_OPTIMIZATION_LEVEL = "-O";
				VALIDATE_PRODUCT = YES;
			};
			name = Release;
		};
		8B4BE0EC224549190084D1DC /* Debug */ = {
			isa = XCBuildConfiguration;
			buildSettings = {
				ASSETCATALOG_COMPILER_APPICON_NAME = AppIcon;
				CODE_SIGN_STYLE = Automatic;
				INFOPLIST_FILE = demo/Info.plist;
				LD_RUNPATH_SEARCH_PATHS = (
					"$(inherited)",
					"@executable_path/Frameworks",
				);
				PRODUCT_BUNDLE_IDENTIFIER = com.2clicksolutions.demo;
				PRODUCT_NAME = "$(TARGET_NAME)";
				SWIFT_VERSION = 4.2;
				TARGETED_DEVICE_FAMILY = "1,2";
			};
			name = Debug;
		};
		8B4BE0ED224549190084D1DC /* Release */ = {
			isa = XCBuildConfiguration;
			buildSettings = {
				ASSETCATALOG_COMPILER_APPICON_NAME = AppIcon;
				CODE_SIGN_STYLE = Automatic;
				INFOPLIST_FILE = demo/Info.plist;
				LD_RUNPATH_SEARCH_PATHS = (
					"$(inherited)",
					"@executable_path/Frameworks",
				);
				PRODUCT_BUNDLE_IDENTIFIER = com.2clicksolutions.demo;
				PRODUCT_NAME = "$(TARGET_NAME)";
				SWIFT_VERSION = 4.2;
				TARGETED_DEVICE_FAMILY = "1,2";
			};
			name = Release;
		};
		8B4BE0EF224549190084D1DC /* Debug */ = {
			isa = XCBuildConfiguration;
			buildSettings = {
				ALWAYS_EMBED_SWIFT_STANDARD_LIBRARIES = YES;
				BUNDLE_LOADER = "$(TEST_HOST)";
				CODE_SIGN_STYLE = Automatic;
				INFOPLIST_FILE = demoTests/Info.plist;
				LD_RUNPATH_SEARCH_PATHS = (
					"$(inherited)",
					"@executable_path/Frameworks",
					"@loader_path/Frameworks",
				);
				PRODUCT_BUNDLE_IDENTIFIER = com.2clicksolutions.demoTests;
				PRODUCT_NAME = "$(TARGET_NAME)";
				SWIFT_VERSION = 4.2;
				TARGETED_DEVICE_FAMILY = "1,2";
				TEST_HOST = "$(BUILT_PRODUCTS_DIR)/demo.app/demo";
			};
			name = Debug;
		};
		8B4BE0F0224549190084D1DC /* Release */ = {
			isa = XCBuildConfiguration;
			buildSettings = {
				ALWAYS_EMBED_SWIFT_STANDARD_LIBRARIES = YES;
				BUNDLE_LOADER = "$(TEST_HOST)";
				CODE_SIGN_STYLE = Automatic;
				INFOPLIST_FILE = demoTests/Info.plist;
				LD_RUNPATH_SEARCH_PATHS = (
					"$(inherited)",
					"@executable_path/Frameworks",
					"@loader_path/Frameworks",
				);
				PRODUCT_BUNDLE_IDENTIFIER = com.2clicksolutions.demoTests;
				PRODUCT_NAME = "$(TARGET_NAME)";
				SWIFT_VERSION = 4.2;
				TARGETED_DEVICE_FAMILY = "1,2";
				TEST_HOST = "$(BUILT_PRODUCTS_DIR)/demo.app/demo";
			};
			name = Release;
		};
		8B4BE0F2224549190084D1DC /* Debug */ = {
			isa = XCBuildConfiguration;
			buildSettings = {
				ALWAYS_EMBED_SWIFT_STANDARD_LIBRARIES = YES;
				CODE_SIGN_STYLE = Automatic;
				INFOPLIST_FILE = demoUITests/Info.plist;
				LD_RUNPATH_SEARCH_PATHS = (
					"$(inherited)",
					"@executable_path/Frameworks",
					"@loader_path/Frameworks",
				);
				PRODUCT_BUNDLE_IDENTIFIER = com.2clicksolutions.demoUITests;
				PRODUCT_NAME = "$(TARGET_NAME)";
				SWIFT_VERSION = 4.2;
				TARGETED_DEVICE_FAMILY = "1,2";
				TEST_TARGET_NAME = demo;
			};
			name = Debug;
		};
		8B4BE0F3224549190084D1DC /* Release */ = {
			isa = XCBuildConfiguration;
			buildSettings = {
				ALWAYS_EMBED_SWIFT_STANDARD_LIBRARIES = YES;
				CODE_SIGN_STYLE = Automatic;
				INFOPLIST_FILE = demoUITests/Info.plist;
				LD_RUNPATH_SEARCH_PATHS = (
					"$(inherited)",
					"@executable_path/Frameworks",
					"@loader_path/Frameworks",
				);
				PRODUCT_BUNDLE_IDENTIFIER = com.2clicksolutions.demoUITests;
				PRODUCT_NAME = "$(TARGET_NAME)";
				SWIFT_VERSION = 4.2;
				TARGETED_DEVICE_FAMILY = "1,2";
				TEST_TARGET_NAME = demo;
			};
			name = Release;
		};
/* End XCBuildConfiguration section */

/* Begin XCConfigurationList section */
		8B4BE0BE224549170084D1DC /* Build configuration list for PBXProject "demo" */ = {
			isa = XCConfigurationList;
			buildConfigurations = (
				8B4BE0E9224549190084D1DC /* Debug */,
				8B4BE0EA224549190084D1DC /* Release */,
			);
			defaultConfigurationIsVisible = 0;
			defaultConfigurationName = Release;
		};
		8B4BE0EB224549190084D1DC /* Build configuration list for PBXNativeTarget "demo" */ = {
			isa = XCConfigurationList;
			buildConfigurations = (
				8B4BE0EC224549190084D1DC /* Debug */,
				8B4BE0ED224549190084D1DC /* Release */,
			);
			defaultConfigurationIsVisible = 0;
			defaultConfigurationName = Release;
		};
		8B4BE0EE224549190084D1DC /* Build configuration list for PBXNativeTarget "demoTests" */ = {
			isa = XCConfigurationList;
			buildConfigurations = (
				8B4BE0EF224549190084D1DC /* Debug */,
				8B4BE0F0224549190084D1DC /* Release */,
			);
			defaultConfigurationIsVisible = 0;
			defaultConfigurationName = Release;
		};
		8B4BE0F1224549190084D1DC /* Build configuration list for PBXNativeTarget "demoUITests" */ = {
			isa = XCConfigurationList;
			buildConfigurations = (
				8B4BE0F2224549190084D1DC /* Debug */,
				8B4BE0F3224549190084D1DC /* Release */,
			);
			defaultConfigurationIsVisible = 0;
			defaultConfigurationName = Release;
		};
/* End XCConfigurationList section */
	};
	rootObject = 8B4BE0BB224549170084D1DC /* Project object */;
}
